// !$*UTF8*$!
{
	archiveVersion = 1;
	classes = {
	};
	objectVersion = 46;
	objects = {

/* Begin PBXBuildFile section */
		246015431E5BF3DF000DD658 /* UrlPreFix.swift in Sources */ = {isa = PBXBuildFile; fileRef = 246015421E5BF3DF000DD658 /* UrlPreFix.swift */; };
		BA4E53821E5A832400AF270E /* View.xib in Resources */ = {isa = PBXBuildFile; fileRef = BA4E53811E5A832400AF270E /* View.xib */; };
		BA4E53871E5A9DCF00AF270E /* DSDA_View.swift in Sources */ = {isa = PBXBuildFile; fileRef = BA4E53861E5A9DCF00AF270E /* DSDA_View.swift */; };
		BA4E53891E5A9E4C00AF270E /* DSDA_View.xib in Resources */ = {isa = PBXBuildFile; fileRef = BA4E53881E5A9E4C00AF270E /* DSDA_View.xib */; };
		BA4E53CA1E5ACFA100AF270E /* UIColor.swift in Sources */ = {isa = PBXBuildFile; fileRef = BA4E53C91E5ACFA100AF270E /* UIColor.swift */; };
		BA54E1881E545C9600F83B91 /* AppDelegate.swift in Sources */ = {isa = PBXBuildFile; fileRef = BA54E1871E545C9600F83B91 /* AppDelegate.swift */; };
		BA54E18D1E545C9600F83B91 /* Main.storyboard in Resources */ = {isa = PBXBuildFile; fileRef = BA54E18B1E545C9600F83B91 /* Main.storyboard */; };
		BA54E18F1E545C9600F83B91 /* Assets.xcassets in Resources */ = {isa = PBXBuildFile; fileRef = BA54E18E1E545C9600F83B91 /* Assets.xcassets */; };
		BA54E1921E545C9600F83B91 /* LaunchScreen.storyboard in Resources */ = {isa = PBXBuildFile; fileRef = BA54E1901E545C9600F83B91 /* LaunchScreen.storyboard */; };
		BA54E19D1E545C9600F83B91 /* QLDA_IOSTests.swift in Sources */ = {isa = PBXBuildFile; fileRef = BA54E19C1E545C9600F83B91 /* QLDA_IOSTests.swift */; };
		BA54E1A81E545C9600F83B91 /* QLDA_IOSUITests.swift in Sources */ = {isa = PBXBuildFile; fileRef = BA54E1A71E545C9600F83B91 /* QLDA_IOSUITests.swift */; };
		BA54E1B71E545CA500F83B91 /* BaseViewController.swift in Sources */ = {isa = PBXBuildFile; fileRef = BA54E1B51E545CA500F83B91 /* BaseViewController.swift */; };
		BA54E1B81E545CA500F83B91 /* MenuViewController.swift in Sources */ = {isa = PBXBuildFile; fileRef = BA54E1B61E545CA500F83B91 /* MenuViewController.swift */; };
		BA54E1BA1E54609400F83B91 /* BDTMDT_VC.swift in Sources */ = {isa = PBXBuildFile; fileRef = BA54E1B91E54609400F83B91 /* BDTMDT_VC.swift */; };
		BA55B30F1E56B1B100E011B7 /* Config.swift in Sources */ = {isa = PBXBuildFile; fileRef = BA55B30E1E56B1B100E011B7 /* Config.swift */; };
		BA55B3131E56D52000E011B7 /* ChatMain_VC.swift in Sources */ = {isa = PBXBuildFile; fileRef = BA55B3121E56D52000E011B7 /* ChatMain_VC.swift */; };
		BA55B3151E56D84300E011B7 /* Chat_VC.swift in Sources */ = {isa = PBXBuildFile; fileRef = BA55B3141E56D84300E011B7 /* Chat_VC.swift */; };
		BA760BB71E5BEE50000A4694 /* ApiService.swift in Sources */ = {isa = PBXBuildFile; fileRef = BA760BB61E5BEE50000A4694 /* ApiService.swift */; };
		BA760BC51E5C2ECA000A4694 /* UserContact.swift in Sources */ = {isa = PBXBuildFile; fileRef = BA760BC41E5C2ECA000A4694 /* UserContact.swift */; };
		BA760BDE1E5C48ED000A4694 /* ChatHub.swift in Sources */ = {isa = PBXBuildFile; fileRef = BA760BDD1E5C48ED000A4694 /* ChatHub.swift */; };
		BA778AE21E558F90000F934B /* DSDA_VC.swift in Sources */ = {isa = PBXBuildFile; fileRef = BA778AE11E558F90000F934B /* DSDA_VC.swift */; };
		BA778AE81E559454000F934B /* BDNVDT_VC.swift in Sources */ = {isa = PBXBuildFile; fileRef = BA778AE71E559454000F934B /* BDNVDT_VC.swift */; };
		BA778AEC1E559C2C000F934B /* Login_VC.swift in Sources */ = {isa = PBXBuildFile; fileRef = BA778AEB1E559C2C000F934B /* Login_VC.swift */; };
		BA778AEE1E559E19000F934B /* BDGiaiNgan_VC.swift in Sources */ = {isa = PBXBuildFile; fileRef = BA778AED1E559E19000F934B /* BDGiaiNgan_VC.swift */; };
		BAE41E0E1E5AEAE600B89A8D /* SWRevealViewController.m in Sources */ = {isa = PBXBuildFile; fileRef = BAE41E0D1E5AEAE600B89A8D /* SWRevealViewController.m */; };
		BAE41E171E5B231300B89A8D /* MenuLeft_VC.swift in Sources */ = {isa = PBXBuildFile; fileRef = BAE41E161E5B231300B89A8D /* MenuLeft_VC.swift */; };
		BAE41E191E5B26F800B89A8D /* Base_VC.swift in Sources */ = {isa = PBXBuildFile; fileRef = BAE41E181E5B26F800B89A8D /* Base_VC.swift */; };
		BAE41E1B1E5B39ED00B89A8D /* CanhBao_VC.swift in Sources */ = {isa = PBXBuildFile; fileRef = BAE41E1A1E5B39ED00B89A8D /* CanhBao_VC.swift */; };
		BAE41E1D1E5B3A2700B89A8D /* QLHinhAnh_VC.swift in Sources */ = {isa = PBXBuildFile; fileRef = BAE41E1C1E5B3A2700B89A8D /* QLHinhAnh_VC.swift */; };
		BAE41E1F1E5B3A5900B89A8D /* Lich_VC.swift in Sources */ = {isa = PBXBuildFile; fileRef = BAE41E1E1E5B3A5900B89A8D /* Lich_VC.swift */; };
		BAE41E211E5B3A8200B89A8D /* ThongTinCaNhan_VC.swift in Sources */ = {isa = PBXBuildFile; fileRef = BAE41E201E5B3A8200B89A8D /* ThongTinCaNhan_VC.swift */; };
/* End PBXBuildFile section */

/* Begin PBXContainerItemProxy section */
		BA54E1991E545C9600F83B91 /* PBXContainerItemProxy */ = {
			isa = PBXContainerItemProxy;
			containerPortal = BA54E17C1E545C9600F83B91 /* Project object */;
			proxyType = 1;
			remoteGlobalIDString = BA54E1831E545C9600F83B91;
			remoteInfo = QLDA_IOS;
		};
		BA54E1A41E545C9600F83B91 /* PBXContainerItemProxy */ = {
			isa = PBXContainerItemProxy;
			containerPortal = BA54E17C1E545C9600F83B91 /* Project object */;
			proxyType = 1;
			remoteGlobalIDString = BA54E1831E545C9600F83B91;
			remoteInfo = QLDA_IOS;
		};
/* End PBXContainerItemProxy section */

/* Begin PBXFileReference section */
		246015421E5BF3DF000DD658 /* UrlPreFix.swift */ = {isa = PBXFileReference; fileEncoding = 4; lastKnownFileType = sourcecode.swift; path = UrlPreFix.swift; sourceTree = "<group>"; };
		BA4E53811E5A832400AF270E /* View.xib */ = {isa = PBXFileReference; fileEncoding = 4; lastKnownFileType = file.xib; path = View.xib; sourceTree = "<group>"; };
		BA4E53861E5A9DCF00AF270E /* DSDA_View.swift */ = {isa = PBXFileReference; fileEncoding = 4; lastKnownFileType = sourcecode.swift; path = DSDA_View.swift; sourceTree = "<group>"; };
		BA4E53881E5A9E4C00AF270E /* DSDA_View.xib */ = {isa = PBXFileReference; fileEncoding = 4; lastKnownFileType = file.xib; path = DSDA_View.xib; sourceTree = "<group>"; };
		BA4E53C91E5ACFA100AF270E /* UIColor.swift */ = {isa = PBXFileReference; fileEncoding = 4; lastKnownFileType = sourcecode.swift; path = UIColor.swift; sourceTree = "<group>"; };
		BA54E1841E545C9600F83B91 /* QLDA_IOS.app */ = {isa = PBXFileReference; explicitFileType = wrapper.application; includeInIndex = 0; path = QLDA_IOS.app; sourceTree = BUILT_PRODUCTS_DIR; };
		BA54E1871E545C9600F83B91 /* AppDelegate.swift */ = {isa = PBXFileReference; lastKnownFileType = sourcecode.swift; path = AppDelegate.swift; sourceTree = "<group>"; };
		BA54E18C1E545C9600F83B91 /* Base */ = {isa = PBXFileReference; lastKnownFileType = file.storyboard; name = Base; path = Base.lproj/Main.storyboard; sourceTree = "<group>"; };
		BA54E18E1E545C9600F83B91 /* Assets.xcassets */ = {isa = PBXFileReference; lastKnownFileType = folder.assetcatalog; path = Assets.xcassets; sourceTree = "<group>"; };
		BA54E1911E545C9600F83B91 /* Base */ = {isa = PBXFileReference; lastKnownFileType = file.storyboard; name = Base; path = Base.lproj/LaunchScreen.storyboard; sourceTree = "<group>"; };
		BA54E1931E545C9600F83B91 /* Info.plist */ = {isa = PBXFileReference; lastKnownFileType = text.plist.xml; path = Info.plist; sourceTree = "<group>"; };
		BA54E1981E545C9600F83B91 /* QLDA_IOSTests.xctest */ = {isa = PBXFileReference; explicitFileType = wrapper.cfbundle; includeInIndex = 0; path = QLDA_IOSTests.xctest; sourceTree = BUILT_PRODUCTS_DIR; };
		BA54E19C1E545C9600F83B91 /* QLDA_IOSTests.swift */ = {isa = PBXFileReference; lastKnownFileType = sourcecode.swift; path = QLDA_IOSTests.swift; sourceTree = "<group>"; };
		BA54E19E1E545C9600F83B91 /* Info.plist */ = {isa = PBXFileReference; lastKnownFileType = text.plist.xml; path = Info.plist; sourceTree = "<group>"; };
		BA54E1A31E545C9600F83B91 /* QLDA_IOSUITests.xctest */ = {isa = PBXFileReference; explicitFileType = wrapper.cfbundle; includeInIndex = 0; path = QLDA_IOSUITests.xctest; sourceTree = BUILT_PRODUCTS_DIR; };
		BA54E1A71E545C9600F83B91 /* QLDA_IOSUITests.swift */ = {isa = PBXFileReference; lastKnownFileType = sourcecode.swift; path = QLDA_IOSUITests.swift; sourceTree = "<group>"; };
		BA54E1A91E545C9600F83B91 /* Info.plist */ = {isa = PBXFileReference; lastKnownFileType = text.plist.xml; path = Info.plist; sourceTree = "<group>"; };
		BA54E1B51E545CA500F83B91 /* BaseViewController.swift */ = {isa = PBXFileReference; fileEncoding = 4; lastKnownFileType = sourcecode.swift; path = BaseViewController.swift; sourceTree = "<group>"; };
		BA54E1B61E545CA500F83B91 /* MenuViewController.swift */ = {isa = PBXFileReference; fileEncoding = 4; lastKnownFileType = sourcecode.swift; path = MenuViewController.swift; sourceTree = "<group>"; };
		BA54E1B91E54609400F83B91 /* BDTMDT_VC.swift */ = {isa = PBXFileReference; fileEncoding = 4; lastKnownFileType = sourcecode.swift; path = BDTMDT_VC.swift; sourceTree = "<group>"; };
		BA55B30E1E56B1B100E011B7 /* Config.swift */ = {isa = PBXFileReference; fileEncoding = 4; lastKnownFileType = sourcecode.swift; path = Config.swift; sourceTree = "<group>"; };
		BA55B3121E56D52000E011B7 /* ChatMain_VC.swift */ = {isa = PBXFileReference; fileEncoding = 4; lastKnownFileType = sourcecode.swift; path = ChatMain_VC.swift; sourceTree = "<group>"; };
		BA55B3141E56D84300E011B7 /* Chat_VC.swift */ = {isa = PBXFileReference; fileEncoding = 4; lastKnownFileType = sourcecode.swift; path = Chat_VC.swift; sourceTree = "<group>"; };
		BA760BB61E5BEE50000A4694 /* ApiService.swift */ = {isa = PBXFileReference; fileEncoding = 4; lastKnownFileType = sourcecode.swift; path = ApiService.swift; sourceTree = "<group>"; };
		BA760BC41E5C2ECA000A4694 /* UserContact.swift */ = {isa = PBXFileReference; fileEncoding = 4; lastKnownFileType = sourcecode.swift; path = UserContact.swift; sourceTree = "<group>"; };
		BA760BDD1E5C48ED000A4694 /* ChatHub.swift */ = {isa = PBXFileReference; fileEncoding = 4; lastKnownFileType = sourcecode.swift; path = ChatHub.swift; sourceTree = "<group>"; };
		BA778AE11E558F90000F934B /* DSDA_VC.swift */ = {isa = PBXFileReference; fileEncoding = 4; lastKnownFileType = sourcecode.swift; path = DSDA_VC.swift; sourceTree = "<group>"; };
		BA778AE71E559454000F934B /* BDNVDT_VC.swift */ = {isa = PBXFileReference; fileEncoding = 4; lastKnownFileType = sourcecode.swift; path = BDNVDT_VC.swift; sourceTree = "<group>"; };
		BA778AEB1E559C2C000F934B /* Login_VC.swift */ = {isa = PBXFileReference; fileEncoding = 4; lastKnownFileType = sourcecode.swift; path = Login_VC.swift; sourceTree = "<group>"; };
		BA778AED1E559E19000F934B /* BDGiaiNgan_VC.swift */ = {isa = PBXFileReference; fileEncoding = 4; lastKnownFileType = sourcecode.swift; path = BDGiaiNgan_VC.swift; sourceTree = "<group>"; };
		BAE41E0B1E5AEAE500B89A8D /* QLDA_IOS-Bridging-Header.h */ = {isa = PBXFileReference; lastKnownFileType = sourcecode.c.h; path = "QLDA_IOS-Bridging-Header.h"; sourceTree = "<group>"; };
		BAE41E0C1E5AEAE600B89A8D /* SWRevealViewController.h */ = {isa = PBXFileReference; fileEncoding = 4; lastKnownFileType = sourcecode.c.h; path = SWRevealViewController.h; sourceTree = "<group>"; };
		BAE41E0D1E5AEAE600B89A8D /* SWRevealViewController.m */ = {isa = PBXFileReference; fileEncoding = 4; lastKnownFileType = sourcecode.c.objc; path = SWRevealViewController.m; sourceTree = "<group>"; };
		BAE41E161E5B231300B89A8D /* MenuLeft_VC.swift */ = {isa = PBXFileReference; fileEncoding = 4; lastKnownFileType = sourcecode.swift; path = MenuLeft_VC.swift; sourceTree = "<group>"; };
		BAE41E181E5B26F800B89A8D /* Base_VC.swift */ = {isa = PBXFileReference; fileEncoding = 4; lastKnownFileType = sourcecode.swift; path = Base_VC.swift; sourceTree = "<group>"; };
		BAE41E1A1E5B39ED00B89A8D /* CanhBao_VC.swift */ = {isa = PBXFileReference; fileEncoding = 4; lastKnownFileType = sourcecode.swift; path = CanhBao_VC.swift; sourceTree = "<group>"; };
		BAE41E1C1E5B3A2700B89A8D /* QLHinhAnh_VC.swift */ = {isa = PBXFileReference; fileEncoding = 4; lastKnownFileType = sourcecode.swift; path = QLHinhAnh_VC.swift; sourceTree = "<group>"; };
		BAE41E1E1E5B3A5900B89A8D /* Lich_VC.swift */ = {isa = PBXFileReference; fileEncoding = 4; lastKnownFileType = sourcecode.swift; path = Lich_VC.swift; sourceTree = "<group>"; };
		BAE41E201E5B3A8200B89A8D /* ThongTinCaNhan_VC.swift */ = {isa = PBXFileReference; fileEncoding = 4; lastKnownFileType = sourcecode.swift; path = ThongTinCaNhan_VC.swift; sourceTree = "<group>"; };
/* End PBXFileReference section */

/* Begin PBXFrameworksBuildPhase section */
		BA54E1811E545C9600F83B91 /* Frameworks */ = {
			isa = PBXFrameworksBuildPhase;
			buildActionMask = 2147483647;
			files = (
			);
			runOnlyForDeploymentPostprocessing = 0;
		};
		BA54E1951E545C9600F83B91 /* Frameworks */ = {
			isa = PBXFrameworksBuildPhase;
			buildActionMask = 2147483647;
			files = (
			);
			runOnlyForDeploymentPostprocessing = 0;
		};
		BA54E1A01E545C9600F83B91 /* Frameworks */ = {
			isa = PBXFrameworksBuildPhase;
			buildActionMask = 2147483647;
			files = (
			);
			runOnlyForDeploymentPostprocessing = 0;
		};
/* End PBXFrameworksBuildPhase section */

/* Begin PBXGroup section */
		246015411E5BF2A7000DD658 /* Config */ = {
			isa = PBXGroup;
			children = (
				246015421E5BF3DF000DD658 /* UrlPreFix.swift */,
			);
			name = Config;
			sourceTree = "<group>";
		};
		BA4E53831E5A9D7300AF270E /* View */ = {
			isa = PBXGroup;
			children = (
				BA4E53881E5A9E4C00AF270E /* DSDA_View.xib */,
				BA4E53861E5A9DCF00AF270E /* DSDA_View.swift */,
			);
			name = View;
			sourceTree = "<group>";
		};
		BA4E53C81E5ACF7800AF270E /* Extension */ = {
			isa = PBXGroup;
			children = (
				BA4E53C91E5ACFA100AF270E /* UIColor.swift */,
			);
			name = Extension;
			sourceTree = "<group>";
		};
		BA54E17B1E545C9600F83B91 = {
			isa = PBXGroup;
			children = (
				BA54E1861E545C9600F83B91 /* QLDA_IOS */,
				BA54E19B1E545C9600F83B91 /* QLDA_IOSTests */,
				BA54E1A61E545C9600F83B91 /* QLDA_IOSUITests */,
				BA54E1851E545C9600F83B91 /* Products */,
			);
			sourceTree = "<group>";
		};
		BA54E1851E545C9600F83B91 /* Products */ = {
			isa = PBXGroup;
			children = (
				BA54E1841E545C9600F83B91 /* QLDA_IOS.app */,
				BA54E1981E545C9600F83B91 /* QLDA_IOSTests.xctest */,
				BA54E1A31E545C9600F83B91 /* QLDA_IOSUITests.xctest */,
			);
			name = Products;
			sourceTree = "<group>";
		};
		BA54E1861E545C9600F83B91 /* QLDA_IOS */ = {
			isa = PBXGroup;
			children = (
				246015411E5BF2A7000DD658 /* Config */,
				BAE41E0A1E5AEAC900B89A8D /* Supporting Files */,
				BA4E53C81E5ACF7800AF270E /* Extension */,
				BA4E53831E5A9D7300AF270E /* View */,
				BA778AE01E558F41000F934B /* ViewController */,
				BA760BBF1E5C2E40000A4694 /* Class */,
				BA55B30D1E56B19900E011B7 /* Common */,
				BA54E1871E545C9600F83B91 /* AppDelegate.swift */,
				BA54E18B1E545C9600F83B91 /* Main.storyboard */,
				BA54E18E1E545C9600F83B91 /* Assets.xcassets */,
				BA54E1901E545C9600F83B91 /* LaunchScreen.storyboard */,
				BA54E1931E545C9600F83B91 /* Info.plist */,
				BA4E53811E5A832400AF270E /* View.xib */,
			);
			path = QLDA_IOS;
			sourceTree = "<group>";
		};
		BA54E19B1E545C9600F83B91 /* QLDA_IOSTests */ = {
			isa = PBXGroup;
			children = (
				BA54E19C1E545C9600F83B91 /* QLDA_IOSTests.swift */,
				BA54E19E1E545C9600F83B91 /* Info.plist */,
			);
			path = QLDA_IOSTests;
			sourceTree = "<group>";
		};
		BA54E1A61E545C9600F83B91 /* QLDA_IOSUITests */ = {
			isa = PBXGroup;
			children = (
				BA54E1A71E545C9600F83B91 /* QLDA_IOSUITests.swift */,
				BA54E1A91E545C9600F83B91 /* Info.plist */,
			);
			path = QLDA_IOSUITests;
			sourceTree = "<group>";
		};
		BA55B30D1E56B19900E011B7 /* Common */ = {
			isa = PBXGroup;
			children = (
				BA760BB61E5BEE50000A4694 /* ApiService.swift */,
				BA55B30E1E56B1B100E011B7 /* Config.swift */,
			);
			name = Common;
			sourceTree = "<group>";
		};
		BA760BBF1E5C2E40000A4694 /* Class */ = {
			isa = PBXGroup;
			children = (
				BA760BC21E5C2E61000A4694 /* Camera */,
				BA760BC11E5C2E58000A4694 /* Chat */,
				BA760BC01E5C2E52000A4694 /* QLDA */,
			);
			name = Class;
			sourceTree = "<group>";
		};
		BA760BC01E5C2E52000A4694 /* QLDA */ = {
			isa = PBXGroup;
			children = (
			);
			name = QLDA;
			sourceTree = "<group>";
		};
		BA760BC11E5C2E58000A4694 /* Chat */ = {
			isa = PBXGroup;
			children = (
				BA760BC31E5C2E6F000A4694 /* Entity */,
				BA760BDD1E5C48ED000A4694 /* ChatHub.swift */,
			);
			name = Chat;
			sourceTree = "<group>";
		};
		BA760BC21E5C2E61000A4694 /* Camera */ = {
			isa = PBXGroup;
			children = (
			);
			name = Camera;
			sourceTree = "<group>";
		};
		BA760BC31E5C2E6F000A4694 /* Entity */ = {
			isa = PBXGroup;
			children = (
				BA760BC41E5C2ECA000A4694 /* UserContact.swift */,
			);
			name = Entity;
			sourceTree = "<group>";
		};
		BA778AE01E558F41000F934B /* ViewController */ = {
			isa = PBXGroup;
			children = (
				BA778AE11E558F90000F934B /* DSDA_VC.swift */,
				BA54E1B91E54609400F83B91 /* BDTMDT_VC.swift */,
				BA778AE71E559454000F934B /* BDNVDT_VC.swift */,
				BA778AED1E559E19000F934B /* BDGiaiNgan_VC.swift */,
				BAE41E1A1E5B39ED00B89A8D /* CanhBao_VC.swift */,
				BAE41E1C1E5B3A2700B89A8D /* QLHinhAnh_VC.swift */,
				BAE41E201E5B3A8200B89A8D /* ThongTinCaNhan_VC.swift */,
				BAE41E1E1E5B3A5900B89A8D /* Lich_VC.swift */,
				BA778AEB1E559C2C000F934B /* Login_VC.swift */,
				BA55B3121E56D52000E011B7 /* ChatMain_VC.swift */,
				BA55B3141E56D84300E011B7 /* Chat_VC.swift */,
				BA54E1B61E545CA500F83B91 /* MenuViewController.swift */,
				BAE41E161E5B231300B89A8D /* MenuLeft_VC.swift */,
				BA54E1B51E545CA500F83B91 /* BaseViewController.swift */,
				BAE41E181E5B26F800B89A8D /* Base_VC.swift */,
			);
			name = ViewController;
			sourceTree = "<group>";
		};
		BAE41E0A1E5AEAC900B89A8D /* Supporting Files */ = {
			isa = PBXGroup;
			children = (
				BAE41E0C1E5AEAE600B89A8D /* SWRevealViewController.h */,
				BAE41E0D1E5AEAE600B89A8D /* SWRevealViewController.m */,
				BAE41E0B1E5AEAE500B89A8D /* QLDA_IOS-Bridging-Header.h */,
			);
			name = "Supporting Files";
			sourceTree = "<group>";
		};
/* End PBXGroup section */

/* Begin PBXNativeTarget section */
		BA54E1831E545C9600F83B91 /* QLDA_IOS */ = {
			isa = PBXNativeTarget;
			buildConfigurationList = BA54E1AC1E545C9600F83B91 /* Build configuration list for PBXNativeTarget "QLDA_IOS" */;
			buildPhases = (
				BA54E1801E545C9600F83B91 /* Sources */,
				BA54E1811E545C9600F83B91 /* Frameworks */,
				BA54E1821E545C9600F83B91 /* Resources */,
			);
			buildRules = (
			);
			dependencies = (
			);
			name = QLDA_IOS;
			productName = QLDA_IOS;
			productReference = BA54E1841E545C9600F83B91 /* QLDA_IOS.app */;
			productType = "com.apple.product-type.application";
		};
		BA54E1971E545C9600F83B91 /* QLDA_IOSTests */ = {
			isa = PBXNativeTarget;
			buildConfigurationList = BA54E1AF1E545C9600F83B91 /* Build configuration list for PBXNativeTarget "QLDA_IOSTests" */;
			buildPhases = (
				BA54E1941E545C9600F83B91 /* Sources */,
				BA54E1951E545C9600F83B91 /* Frameworks */,
				BA54E1961E545C9600F83B91 /* Resources */,
			);
			buildRules = (
			);
			dependencies = (
				BA54E19A1E545C9600F83B91 /* PBXTargetDependency */,
			);
			name = QLDA_IOSTests;
			productName = QLDA_IOSTests;
			productReference = BA54E1981E545C9600F83B91 /* QLDA_IOSTests.xctest */;
			productType = "com.apple.product-type.bundle.unit-test";
		};
		BA54E1A21E545C9600F83B91 /* QLDA_IOSUITests */ = {
			isa = PBXNativeTarget;
			buildConfigurationList = BA54E1B21E545C9600F83B91 /* Build configuration list for PBXNativeTarget "QLDA_IOSUITests" */;
			buildPhases = (
				BA54E19F1E545C9600F83B91 /* Sources */,
				BA54E1A01E545C9600F83B91 /* Frameworks */,
				BA54E1A11E545C9600F83B91 /* Resources */,
			);
			buildRules = (
			);
			dependencies = (
				BA54E1A51E545C9600F83B91 /* PBXTargetDependency */,
			);
			name = QLDA_IOSUITests;
			productName = QLDA_IOSUITests;
			productReference = BA54E1A31E545C9600F83B91 /* QLDA_IOSUITests.xctest */;
			productType = "com.apple.product-type.bundle.ui-testing";
		};
/* End PBXNativeTarget section */

/* Begin PBXProject section */
		BA54E17C1E545C9600F83B91 /* Project object */ = {
			isa = PBXProject;
			attributes = {
				LastSwiftUpdateCheck = 0820;
				LastUpgradeCheck = 0820;
				ORGANIZATIONNAME = datlh;
				TargetAttributes = {
					BA54E1831E545C9600F83B91 = {
						CreatedOnToolsVersion = 8.2.1;
						LastSwiftMigration = 0820;
						ProvisioningStyle = Automatic;
					};
					BA54E1971E545C9600F83B91 = {
						CreatedOnToolsVersion = 8.2.1;
						ProvisioningStyle = Automatic;
						TestTargetID = BA54E1831E545C9600F83B91;
					};
					BA54E1A21E545C9600F83B91 = {
						CreatedOnToolsVersion = 8.2.1;
						ProvisioningStyle = Automatic;
						TestTargetID = BA54E1831E545C9600F83B91;
					};
				};
			};
			buildConfigurationList = BA54E17F1E545C9600F83B91 /* Build configuration list for PBXProject "QLDA_IOS" */;
			compatibilityVersion = "Xcode 3.2";
			developmentRegion = English;
			hasScannedForEncodings = 0;
			knownRegions = (
				en,
				Base,
			);
			mainGroup = BA54E17B1E545C9600F83B91;
			productRefGroup = BA54E1851E545C9600F83B91 /* Products */;
			projectDirPath = "";
			projectRoot = "";
			targets = (
				BA54E1831E545C9600F83B91 /* QLDA_IOS */,
				BA54E1971E545C9600F83B91 /* QLDA_IOSTests */,
				BA54E1A21E545C9600F83B91 /* QLDA_IOSUITests */,
			);
		};
/* End PBXProject section */

/* Begin PBXResourcesBuildPhase section */
		BA54E1821E545C9600F83B91 /* Resources */ = {
			isa = PBXResourcesBuildPhase;
			buildActionMask = 2147483647;
			files = (
				BA4E53821E5A832400AF270E /* View.xib in Resources */,
				BA4E53891E5A9E4C00AF270E /* DSDA_View.xib in Resources */,
				BA54E1921E545C9600F83B91 /* LaunchScreen.storyboard in Resources */,
				BA54E18F1E545C9600F83B91 /* Assets.xcassets in Resources */,
				BA54E18D1E545C9600F83B91 /* Main.storyboard in Resources */,
			);
			runOnlyForDeploymentPostprocessing = 0;
		};
		BA54E1961E545C9600F83B91 /* Resources */ = {
			isa = PBXResourcesBuildPhase;
			buildActionMask = 2147483647;
			files = (
			);
			runOnlyForDeploymentPostprocessing = 0;
		};
		BA54E1A11E545C9600F83B91 /* Resources */ = {
			isa = PBXResourcesBuildPhase;
			buildActionMask = 2147483647;
			files = (
			);
			runOnlyForDeploymentPostprocessing = 0;
		};
/* End PBXResourcesBuildPhase section */

/* Begin PBXSourcesBuildPhase section */
		BA54E1801E545C9600F83B91 /* Sources */ = {
			isa = PBXSourcesBuildPhase;
			buildActionMask = 2147483647;
			files = (
				BA55B3131E56D52000E011B7 /* ChatMain_VC.swift in Sources */,
				BA54E1881E545C9600F83B91 /* AppDelegate.swift in Sources */,
				BA54E1BA1E54609400F83B91 /* BDTMDT_VC.swift in Sources */,
				BA55B30F1E56B1B100E011B7 /* Config.swift in Sources */,
				BA778AEE1E559E19000F934B /* BDGiaiNgan_VC.swift in Sources */,
				BA4E53871E5A9DCF00AF270E /* DSDA_View.swift in Sources */,
				BAE41E1B1E5B39ED00B89A8D /* CanhBao_VC.swift in Sources */,
				BA760BDE1E5C48ED000A4694 /* ChatHub.swift in Sources */,
				BAE41E191E5B26F800B89A8D /* Base_VC.swift in Sources */,
				BA54E1B71E545CA500F83B91 /* BaseViewController.swift in Sources */,
				BAE41E0E1E5AEAE600B89A8D /* SWRevealViewController.m in Sources */,
				BAE41E211E5B3A8200B89A8D /* ThongTinCaNhan_VC.swift in Sources */,
				246015431E5BF3DF000DD658 /* UrlPreFix.swift in Sources */,
				BA760BC51E5C2ECA000A4694 /* UserContact.swift in Sources */,
				BA778AE21E558F90000F934B /* DSDA_VC.swift in Sources */,
				BAE41E1F1E5B3A5900B89A8D /* Lich_VC.swift in Sources */,
				BA55B3151E56D84300E011B7 /* Chat_VC.swift in Sources */,
				BA4E53CA1E5ACFA100AF270E /* UIColor.swift in Sources */,
				BAE41E171E5B231300B89A8D /* MenuLeft_VC.swift in Sources */,
				BA760BB71E5BEE50000A4694 /* ApiService.swift in Sources */,
				BA778AEC1E559C2C000F934B /* Login_VC.swift in Sources */,
				BA778AE81E559454000F934B /* BDNVDT_VC.swift in Sources */,
				BAE41E1D1E5B3A2700B89A8D /* QLHinhAnh_VC.swift in Sources */,
				BA54E1B81E545CA500F83B91 /* MenuViewController.swift in Sources */,
			);
			runOnlyForDeploymentPostprocessing = 0;
		};
		BA54E1941E545C9600F83B91 /* Sources */ = {
			isa = PBXSourcesBuildPhase;
			buildActionMask = 2147483647;
			files = (
				BA54E19D1E545C9600F83B91 /* QLDA_IOSTests.swift in Sources */,
			);
			runOnlyForDeploymentPostprocessing = 0;
		};
		BA54E19F1E545C9600F83B91 /* Sources */ = {
			isa = PBXSourcesBuildPhase;
			buildActionMask = 2147483647;
			files = (
				BA54E1A81E545C9600F83B91 /* QLDA_IOSUITests.swift in Sources */,
			);
			runOnlyForDeploymentPostprocessing = 0;
		};
/* End PBXSourcesBuildPhase section */

/* Begin PBXTargetDependency section */
		BA54E19A1E545C9600F83B91 /* PBXTargetDependency */ = {
			isa = PBXTargetDependency;
			target = BA54E1831E545C9600F83B91 /* QLDA_IOS */;
			targetProxy = BA54E1991E545C9600F83B91 /* PBXContainerItemProxy */;
		};
		BA54E1A51E545C9600F83B91 /* PBXTargetDependency */ = {
			isa = PBXTargetDependency;
			target = BA54E1831E545C9600F83B91 /* QLDA_IOS */;
			targetProxy = BA54E1A41E545C9600F83B91 /* PBXContainerItemProxy */;
		};
/* End PBXTargetDependency section */

/* Begin PBXVariantGroup section */
		BA54E18B1E545C9600F83B91 /* Main.storyboard */ = {
			isa = PBXVariantGroup;
			children = (
				BA54E18C1E545C9600F83B91 /* Base */,
			);
			name = Main.storyboard;
			sourceTree = "<group>";
		};
		BA54E1901E545C9600F83B91 /* LaunchScreen.storyboard */ = {
			isa = PBXVariantGroup;
			children = (
				BA54E1911E545C9600F83B91 /* Base */,
			);
			name = LaunchScreen.storyboard;
			sourceTree = "<group>";
		};
/* End PBXVariantGroup section */

/* Begin XCBuildConfiguration section */
		BA54E1AA1E545C9600F83B91 /* Debug */ = {
			isa = XCBuildConfiguration;
			buildSettings = {
				ALWAYS_SEARCH_USER_PATHS = NO;
				CLANG_ANALYZER_NONNULL = YES;
				CLANG_CXX_LANGUAGE_STANDARD = "gnu++0x";
				CLANG_CXX_LIBRARY = "libc++";
				CLANG_ENABLE_MODULES = YES;
				CLANG_ENABLE_OBJC_ARC = YES;
				CLANG_WARN_BOOL_CONVERSION = YES;
				CLANG_WARN_CONSTANT_CONVERSION = YES;
				CLANG_WARN_DIRECT_OBJC_ISA_USAGE = YES_ERROR;
				CLANG_WARN_DOCUMENTATION_COMMENTS = YES;
				CLANG_WARN_EMPTY_BODY = YES;
				CLANG_WARN_ENUM_CONVERSION = YES;
				CLANG_WARN_INFINITE_RECURSION = YES;
				CLANG_WARN_INT_CONVERSION = YES;
				CLANG_WARN_OBJC_ROOT_CLASS = YES_ERROR;
				CLANG_WARN_SUSPICIOUS_MOVE = YES;
				CLANG_WARN_UNREACHABLE_CODE = YES;
				CLANG_WARN__DUPLICATE_METHOD_MATCH = YES;
				"CODE_SIGN_IDENTITY[sdk=iphoneos*]" = "iPhone Developer";
				COPY_PHASE_STRIP = NO;
				DEBUG_INFORMATION_FORMAT = dwarf;
				ENABLE_STRICT_OBJC_MSGSEND = YES;
				ENABLE_TESTABILITY = YES;
				GCC_C_LANGUAGE_STANDARD = gnu99;
				GCC_DYNAMIC_NO_PIC = NO;
				GCC_NO_COMMON_BLOCKS = YES;
				GCC_OPTIMIZATION_LEVEL = 0;
				GCC_PREPROCESSOR_DEFINITIONS = (
					"DEBUG=1",
					"$(inherited)",
				);
				GCC_WARN_64_TO_32_BIT_CONVERSION = YES;
				GCC_WARN_ABOUT_RETURN_TYPE = YES_ERROR;
				GCC_WARN_UNDECLARED_SELECTOR = YES;
				GCC_WARN_UNINITIALIZED_AUTOS = YES_AGGRESSIVE;
				GCC_WARN_UNUSED_FUNCTION = YES;
				GCC_WARN_UNUSED_VARIABLE = YES;
				IPHONEOS_DEPLOYMENT_TARGET = 10.2;
				MTL_ENABLE_DEBUG_INFO = YES;
				ONLY_ACTIVE_ARCH = YES;
				SDKROOT = iphoneos;
				SWIFT_ACTIVE_COMPILATION_CONDITIONS = DEBUG;
				SWIFT_OPTIMIZATION_LEVEL = "-Onone";
				TARGETED_DEVICE_FAMILY = "1,2";
			};
			name = Debug;
		};
		BA54E1AB1E545C9600F83B91 /* Release */ = {
			isa = XCBuildConfiguration;
			buildSettings = {
				ALWAYS_SEARCH_USER_PATHS = NO;
				CLANG_ANALYZER_NONNULL = YES;
				CLANG_CXX_LANGUAGE_STANDARD = "gnu++0x";
				CLANG_CXX_LIBRARY = "libc++";
				CLANG_ENABLE_MODULES = YES;
				CLANG_ENABLE_OBJC_ARC = YES;
				CLANG_WARN_BOOL_CONVERSION = YES;
				CLANG_WARN_CONSTANT_CONVERSION = YES;
				CLANG_WARN_DIRECT_OBJC_ISA_USAGE = YES_ERROR;
				CLANG_WARN_DOCUMENTATION_COMMENTS = YES;
				CLANG_WARN_EMPTY_BODY = YES;
				CLANG_WARN_ENUM_CONVERSION = YES;
				CLANG_WARN_INFINITE_RECURSION = YES;
				CLANG_WARN_INT_CONVERSION = YES;
				CLANG_WARN_OBJC_ROOT_CLASS = YES_ERROR;
				CLANG_WARN_SUSPICIOUS_MOVE = YES;
				CLANG_WARN_UNREACHABLE_CODE = YES;
				CLANG_WARN__DUPLICATE_METHOD_MATCH = YES;
				"CODE_SIGN_IDENTITY[sdk=iphoneos*]" = "iPhone Developer";
				COPY_PHASE_STRIP = NO;
				DEBUG_INFORMATION_FORMAT = "dwarf-with-dsym";
				ENABLE_NS_ASSERTIONS = NO;
				ENABLE_STRICT_OBJC_MSGSEND = YES;
				GCC_C_LANGUAGE_STANDARD = gnu99;
				GCC_NO_COMMON_BLOCKS = YES;
				GCC_WARN_64_TO_32_BIT_CONVERSION = YES;
				GCC_WARN_ABOUT_RETURN_TYPE = YES_ERROR;
				GCC_WARN_UNDECLARED_SELECTOR = YES;
				GCC_WARN_UNINITIALIZED_AUTOS = YES_AGGRESSIVE;
				GCC_WARN_UNUSED_FUNCTION = YES;
				GCC_WARN_UNUSED_VARIABLE = YES;
				IPHONEOS_DEPLOYMENT_TARGET = 10.2;
				MTL_ENABLE_DEBUG_INFO = NO;
				SDKROOT = iphoneos;
				SWIFT_OPTIMIZATION_LEVEL = "-Owholemodule";
				TARGETED_DEVICE_FAMILY = "1,2";
				VALIDATE_PRODUCT = YES;
			};
			name = Release;
		};
		BA54E1AD1E545C9600F83B91 /* Debug */ = {
			isa = XCBuildConfiguration;
			buildSettings = {
				ASSETCATALOG_COMPILER_APPICON_NAME = AppIcon;
				CLANG_ENABLE_MODULES = YES;
				INFOPLIST_FILE = QLDA_IOS/Info.plist;
				LD_RUNPATH_SEARCH_PATHS = "$(inherited) @executable_path/Frameworks";
				PRODUCT_BUNDLE_IDENTIFIER = "DatLH.QLDA-IOS";
				PRODUCT_NAME = "$(TARGET_NAME)";
				SWIFT_OBJC_BRIDGING_HEADER = "QLDA_IOS/QLDA_IOS-Bridging-Header.h";
				SWIFT_OPTIMIZATION_LEVEL = "-Onone";
				SWIFT_VERSION = 3.0;
			};
			name = Debug;
		};
		BA54E1AE1E545C9600F83B91 /* Release */ = {
			isa = XCBuildConfiguration;
			buildSettings = {
				ASSETCATALOG_COMPILER_APPICON_NAME = AppIcon;
				CLANG_ENABLE_MODULES = YES;
				INFOPLIST_FILE = QLDA_IOS/Info.plist;
				LD_RUNPATH_SEARCH_PATHS = "$(inherited) @executable_path/Frameworks";
				PRODUCT_BUNDLE_IDENTIFIER = "DatLH.QLDA-IOS";
				PRODUCT_NAME = "$(TARGET_NAME)";
				SWIFT_OBJC_BRIDGING_HEADER = "QLDA_IOS/QLDA_IOS-Bridging-Header.h";
				SWIFT_VERSION = 3.0;
			};
			name = Release;
		};
		BA54E1B01E545C9600F83B91 /* Debug */ = {
			isa = XCBuildConfiguration;
			buildSettings = {
				ALWAYS_EMBED_SWIFT_STANDARD_LIBRARIES = YES;
				BUNDLE_LOADER = "$(TEST_HOST)";
				INFOPLIST_FILE = QLDA_IOSTests/Info.plist;
				LD_RUNPATH_SEARCH_PATHS = "$(inherited) @executable_path/Frameworks @loader_path/Frameworks";
				PRODUCT_BUNDLE_IDENTIFIER = "DatLH.QLDA-IOSTests";
				PRODUCT_NAME = "$(TARGET_NAME)";
				SWIFT_VERSION = 3.0;
				TEST_HOST = "$(BUILT_PRODUCTS_DIR)/QLDA_IOS.app/QLDA_IOS";
			};
			name = Debug;
		};
		BA54E1B11E545C9600F83B91 /* Release */ = {
			isa = XCBuildConfiguration;
			buildSettings = {
				ALWAYS_EMBED_SWIFT_STANDARD_LIBRARIES = YES;
				BUNDLE_LOADER = "$(TEST_HOST)";
				INFOPLIST_FILE = QLDA_IOSTests/Info.plist;
				LD_RUNPATH_SEARCH_PATHS = "$(inherited) @executable_path/Frameworks @loader_path/Frameworks";
				PRODUCT_BUNDLE_IDENTIFIER = "DatLH.QLDA-IOSTests";
				PRODUCT_NAME = "$(TARGET_NAME)";
				SWIFT_VERSION = 3.0;
				TEST_HOST = "$(BUILT_PRODUCTS_DIR)/QLDA_IOS.app/QLDA_IOS";
			};
			name = Release;
		};
		BA54E1B31E545C9600F83B91 /* Debug */ = {
			isa = XCBuildConfiguration;
			buildSettings = {
				ALWAYS_EMBED_SWIFT_STANDARD_LIBRARIES = YES;
				INFOPLIST_FILE = QLDA_IOSUITests/Info.plist;
				LD_RUNPATH_SEARCH_PATHS = "$(inherited) @executable_path/Frameworks @loader_path/Frameworks";
				PRODUCT_BUNDLE_IDENTIFIER = "DatLH.QLDA-IOSUITests";
				PRODUCT_NAME = "$(TARGET_NAME)";
				SWIFT_VERSION = 3.0;
				TEST_TARGET_NAME = QLDA_IOS;
			};
			name = Debug;
		};
		BA54E1B41E545C9600F83B91 /* Release */ = {
			isa = XCBuildConfiguration;
			buildSettings = {
				ALWAYS_EMBED_SWIFT_STANDARD_LIBRARIES = YES;
				INFOPLIST_FILE = QLDA_IOSUITests/Info.plist;
				LD_RUNPATH_SEARCH_PATHS = "$(inherited) @executable_path/Frameworks @loader_path/Frameworks";
				PRODUCT_BUNDLE_IDENTIFIER = "DatLH.QLDA-IOSUITests";
				PRODUCT_NAME = "$(TARGET_NAME)";
				SWIFT_VERSION = 3.0;
				TEST_TARGET_NAME = QLDA_IOS;
			};
			name = Release;
		};
/* End XCBuildConfiguration section */

/* Begin XCConfigurationList section */
		BA54E17F1E545C9600F83B91 /* Build configuration list for PBXProject "QLDA_IOS" */ = {
			isa = XCConfigurationList;
			buildConfigurations = (
				BA54E1AA1E545C9600F83B91 /* Debug */,
				BA54E1AB1E545C9600F83B91 /* Release */,
			);
			defaultConfigurationIsVisible = 0;
			defaultConfigurationName = Release;
		};
		BA54E1AC1E545C9600F83B91 /* Build configuration list for PBXNativeTarget "QLDA_IOS" */ = {
			isa = XCConfigurationList;
			buildConfigurations = (
				BA54E1AD1E545C9600F83B91 /* Debug */,
				BA54E1AE1E545C9600F83B91 /* Release */,
			);
			defaultConfigurationIsVisible = 0;
			defaultConfigurationName = Release;
		};
		BA54E1AF1E545C9600F83B91 /* Build configuration list for PBXNativeTarget "QLDA_IOSTests" */ = {
			isa = XCConfigurationList;
			buildConfigurations = (
				BA54E1B01E545C9600F83B91 /* Debug */,
				BA54E1B11E545C9600F83B91 /* Release */,
			);
			defaultConfigurationIsVisible = 0;
			defaultConfigurationName = Release;
		};
		BA54E1B21E545C9600F83B91 /* Build configuration list for PBXNativeTarget "QLDA_IOSUITests" */ = {
			isa = XCConfigurationList;
			buildConfigurations = (
				BA54E1B31E545C9600F83B91 /* Debug */,
				BA54E1B41E545C9600F83B91 /* Release */,
			);
			defaultConfigurationIsVisible = 0;
			defaultConfigurationName = Release;
		};
/* End XCConfigurationList section */
	};
	rootObject = BA54E17C1E545C9600F83B91 /* Project object */;
}
